
Microsoft Visual Studio Solution File, Format Version 12.00
# Visual Studio Version 16
VisualStudioVersion = 16.0.31702.278
MinimumVisualStudioVersion = 10.0.40219.1
Project("{FAE04EC0-301F-11D3-BF4B-00C04F79EFBC}") = "EmployeeStructure", "EmployeeStructure.csproj", "{EB86D83C-5155-455C-BA46-B69BF5CDF419}"
EndProject
Global
	GlobalSection(SolutionConfigurationPlatforms) = preSolution
		Debug|Any CPU = Debug|Any CPU
		Release|Any CPU = Release|Any CPU
	EndGlobalSection
	GlobalSection(ProjectConfigurationPlatforms) = postSolution
		{EB86D83C-5155-455C-BA46-B69BF5CDF419}.Debug|Any CPU.ActiveCfg = Debug|Any CPU
		{EB86D83C-5155-455C-BA46-B69BF5CDF419}.Debug|Any CPU.Build.0 = Debug|Any CPU
		{EB86D83C-5155-455C-BA46-B69BF5CDF419}.Release|Any CPU.ActiveCfg = Release|Any CPU
		{EB86D83C-5155-455C-BA46-B69BF5CDF419}.Release|Any CPU.Build.0 = Release|Any CPU
	EndGlobalSection
	GlobalSection(SolutionProperties) = preSolution
		HideSolutionNode = FALSE
	EndGlobalSection
	GlobalSection(ExtensibilityGlobals) = postSolution
		SolutionGuid = {1C02B904-D313-45C8-BFAB-2085A4322958}
	EndGlobalSection
EndGlobal
