
Microsoft Visual Studio Solution File, Format Version 12.00
# Visual Studio Version 16
VisualStudioVersion = 16.0.31702.278
MinimumVisualStudioVersion = 10.0.40219.1
Project("{FAE04EC0-301F-11D3-BF4B-00C04F79EFBC}") = "App2", "App2\App2.csproj", "{BCBF6791-E6E5-4EA5-A6A0-E474C742714C}"
EndProject
Global
	GlobalSection(SolutionConfigurationPlatforms) = preSolution
		Debug|Any CPU = Debug|Any CPU
		Release|Any CPU = Release|Any CPU
	EndGlobalSection
	GlobalSection(ProjectConfigurationPlatforms) = postSolution
		{BCBF6791-E6E5-4EA5-A6A0-E474C742714C}.Debug|Any CPU.ActiveCfg = Debug|Any CPU
		{BCBF6791-E6E5-4EA5-A6A0-E474C742714C}.Debug|Any CPU.Build.0 = Debug|Any CPU
		{BCBF6791-E6E5-4EA5-A6A0-E474C742714C}.Release|Any CPU.ActiveCfg = Release|Any CPU
		{BCBF6791-E6E5-4EA5-A6A0-E474C742714C}.Release|Any CPU.Build.0 = Release|Any CPU
	EndGlobalSection
	GlobalSection(SolutionProperties) = preSolution
		HideSolutionNode = FALSE
	EndGlobalSection
	GlobalSection(ExtensibilityGlobals) = postSolution
		SolutionGuid = {E0F0C4DA-94B0-4E38-8D42-AF00DB9BFA6E}
	EndGlobalSection
EndGlobal
