
Microsoft Visual Studio Solution File, Format Version 12.00
# Visual Studio Version 16
VisualStudioVersion = 16.0.31702.278
MinimumVisualStudioVersion = 10.0.40219.1
Project("{FAE04EC0-301F-11D3-BF4B-00C04F79EFBC}") = "PrimeNums", "PrimeNums.csproj", "{77E2D26C-59E5-46CD-9C75-2B8CBA330756}"
EndProject
Global
	GlobalSection(SolutionConfigurationPlatforms) = preSolution
		Debug|Any CPU = Debug|Any CPU
		Release|Any CPU = Release|Any CPU
	EndGlobalSection
	GlobalSection(ProjectConfigurationPlatforms) = postSolution
		{77E2D26C-59E5-46CD-9C75-2B8CBA330756}.Debug|Any CPU.ActiveCfg = Debug|Any CPU
		{77E2D26C-59E5-46CD-9C75-2B8CBA330756}.Debug|Any CPU.Build.0 = Debug|Any CPU
		{77E2D26C-59E5-46CD-9C75-2B8CBA330756}.Release|Any CPU.ActiveCfg = Release|Any CPU
		{77E2D26C-59E5-46CD-9C75-2B8CBA330756}.Release|Any CPU.Build.0 = Release|Any CPU
	EndGlobalSection
	GlobalSection(SolutionProperties) = preSolution
		HideSolutionNode = FALSE
	EndGlobalSection
	GlobalSection(ExtensibilityGlobals) = postSolution
		SolutionGuid = {1BBEAA93-93FA-4C7B-B85C-8D9279122251}
	EndGlobalSection
EndGlobal
