
Microsoft Visual Studio Solution File, Format Version 12.00
# Visual Studio Version 16
VisualStudioVersion = 16.0.31702.278
MinimumVisualStudioVersion = 10.0.40219.1
Project("{FAE04EC0-301F-11D3-BF4B-00C04F79EFBC}") = "Fibonacci", "Fibonacci.csproj", "{7D40163A-9018-490E-9067-414ED90EDD9D}"
EndProject
Global
	GlobalSection(SolutionConfigurationPlatforms) = preSolution
		Debug|Any CPU = Debug|Any CPU
		Release|Any CPU = Release|Any CPU
	EndGlobalSection
	GlobalSection(ProjectConfigurationPlatforms) = postSolution
		{7D40163A-9018-490E-9067-414ED90EDD9D}.Debug|Any CPU.ActiveCfg = Debug|Any CPU
		{7D40163A-9018-490E-9067-414ED90EDD9D}.Debug|Any CPU.Build.0 = Debug|Any CPU
		{7D40163A-9018-490E-9067-414ED90EDD9D}.Release|Any CPU.ActiveCfg = Release|Any CPU
		{7D40163A-9018-490E-9067-414ED90EDD9D}.Release|Any CPU.Build.0 = Release|Any CPU
	EndGlobalSection
	GlobalSection(SolutionProperties) = preSolution
		HideSolutionNode = FALSE
	EndGlobalSection
	GlobalSection(ExtensibilityGlobals) = postSolution
		SolutionGuid = {25C5149F-7285-4E27-BB55-50E35A8D3C4D}
	EndGlobalSection
EndGlobal
